
Microsoft Visual Studio Solution File, Format Version 12.00
# Visual Studio 14
VisualStudioVersion = 14.0.25420.1
MinimumVisualStudioVersion = 10.0.40219.1
Project("{FAE04EC0-301F-11D3-BF4B-00C04F79EFBC}") = "BUILDLet.WOL", "BUILDLet.WOL\BUILDLet.WOL.csproj", "{B87844A5-3BB1-476D-992E-BD4A143DA4E1}"
EndProject
Project("{930C7802-8A8C-48F9-8165-68863BCCD9DD}") = "BUILDLet.WOLSetup", "BUILDLet.WOLSetup\BUILDLet.WOLSetup.wixproj", "{21F701FA-C03E-41E0-839A-39872AA98716}"
	ProjectSection(ProjectDependencies) = postProject
		{B87844A5-3BB1-476D-992E-BD4A143DA4E1} = {B87844A5-3BB1-476D-992E-BD4A143DA4E1}
	EndProjectSection
EndProject
Project("{930C7802-8A8C-48F9-8165-68863BCCD9DD}") = "BUILDLet.WOLSetupBootstrapper", "BUILDLet.WOLSetupBootstrapper\BUILDLet.WOLSetupBootstrapper.wixproj", "{86008A55-2DFD-4B74-8ADD-7F3D22AC292D}"
	ProjectSection(ProjectDependencies) = postProject
		{21F701FA-C03E-41E0-839A-39872AA98716} = {21F701FA-C03E-41E0-839A-39872AA98716}
	EndProjectSection
EndProject
Project("{2150E333-8FDC-42A3-9474-1A3956D46DE8}") = "Properties", "Properties", "{441FFB89-0E84-467B-997F-EA9F3ED6ABE5}"
	ProjectSection(SolutionItems) = preProject
		Properties\AssemblyVersionInfo.cs = Properties\AssemblyVersionInfo.cs
		Properties\InstallerGUID.wxi = Properties\InstallerGUID.wxi
		Properties\InstallerProductInfo.wxi = Properties\InstallerProductInfo.wxi
		Properties\InstallerResourceInfo.wxi = Properties\InstallerResourceInfo.wxi
		Properties\InstallerVersionInfo.wxi = Properties\InstallerVersionInfo.wxi
	EndProjectSection
EndProject
Project("{2150E333-8FDC-42A3-9474-1A3956D46DE8}") = "Resources", "Resources", "{E5FA3BF4-43DF-4F79-AE3C-67D3B846232F}"
EndProject
Global
	GlobalSection(SolutionConfigurationPlatforms) = preSolution
		Debug|Any CPU = Debug|Any CPU
		Debug|Mixed Platforms = Debug|Mixed Platforms
		Debug|Win32 = Debug|Win32
		Debug|x86 = Debug|x86
		Release|Any CPU = Release|Any CPU
		Release|Mixed Platforms = Release|Mixed Platforms
		Release|Win32 = Release|Win32
		Release|x86 = Release|x86
	EndGlobalSection
	GlobalSection(ProjectConfigurationPlatforms) = postSolution
		{B87844A5-3BB1-476D-992E-BD4A143DA4E1}.Debug|Any CPU.ActiveCfg = Debug|Any CPU
		{B87844A5-3BB1-476D-992E-BD4A143DA4E1}.Debug|Any CPU.Build.0 = Debug|Any CPU
		{B87844A5-3BB1-476D-992E-BD4A143DA4E1}.Debug|Mixed Platforms.ActiveCfg = Debug|Any CPU
		{B87844A5-3BB1-476D-992E-BD4A143DA4E1}.Debug|Mixed Platforms.Build.0 = Debug|Any CPU
		{B87844A5-3BB1-476D-992E-BD4A143DA4E1}.Debug|Win32.ActiveCfg = Debug|Any CPU
		{B87844A5-3BB1-476D-992E-BD4A143DA4E1}.Debug|x86.ActiveCfg = Debug|Any CPU
		{B87844A5-3BB1-476D-992E-BD4A143DA4E1}.Release|Any CPU.ActiveCfg = Release|Any CPU
		{B87844A5-3BB1-476D-992E-BD4A143DA4E1}.Release|Any CPU.Build.0 = Release|Any CPU
		{B87844A5-3BB1-476D-992E-BD4A143DA4E1}.Release|Mixed Platforms.ActiveCfg = Release|Any CPU
		{B87844A5-3BB1-476D-992E-BD4A143DA4E1}.Release|Mixed Platforms.Build.0 = Release|Any CPU
		{B87844A5-3BB1-476D-992E-BD4A143DA4E1}.Release|Win32.ActiveCfg = Release|Any CPU
		{B87844A5-3BB1-476D-992E-BD4A143DA4E1}.Release|x86.ActiveCfg = Release|Any CPU
		{21F701FA-C03E-41E0-839A-39872AA98716}.Debug|Any CPU.ActiveCfg = Debug|x86
		{21F701FA-C03E-41E0-839A-39872AA98716}.Debug|Mixed Platforms.ActiveCfg = Debug|x86
		{21F701FA-C03E-41E0-839A-39872AA98716}.Debug|Mixed Platforms.Build.0 = Debug|x86
		{21F701FA-C03E-41E0-839A-39872AA98716}.Debug|Win32.ActiveCfg = Debug|x86
		{21F701FA-C03E-41E0-839A-39872AA98716}.Debug|Win32.Build.0 = Debug|x86
		{21F701FA-C03E-41E0-839A-39872AA98716}.Debug|x86.ActiveCfg = Debug|x86
		{21F701FA-C03E-41E0-839A-39872AA98716}.Debug|x86.Build.0 = Debug|x86
		{21F701FA-C03E-41E0-839A-39872AA98716}.Release|Any CPU.ActiveCfg = Release|x86
		{21F701FA-C03E-41E0-839A-39872AA98716}.Release|Mixed Platforms.ActiveCfg = Release|x86
		{21F701FA-C03E-41E0-839A-39872AA98716}.Release|Mixed Platforms.Build.0 = Release|x86
		{21F701FA-C03E-41E0-839A-39872AA98716}.Release|Win32.ActiveCfg = Release|x86
		{21F701FA-C03E-41E0-839A-39872AA98716}.Release|Win32.Build.0 = Release|x86
		{21F701FA-C03E-41E0-839A-39872AA98716}.Release|x86.ActiveCfg = Release|x86
		{21F701FA-C03E-41E0-839A-39872AA98716}.Release|x86.Build.0 = Release|x86
		{86008A55-2DFD-4B74-8ADD-7F3D22AC292D}.Debug|Any CPU.ActiveCfg = Debug|x86
		{86008A55-2DFD-4B74-8ADD-7F3D22AC292D}.Debug|Mixed Platforms.ActiveCfg = Debug|x86
		{86008A55-2DFD-4B74-8ADD-7F3D22AC292D}.Debug|Mixed Platforms.Build.0 = Debug|x86
		{86008A55-2DFD-4B74-8ADD-7F3D22AC292D}.Debug|Win32.ActiveCfg = Debug|x86
		{86008A55-2DFD-4B74-8ADD-7F3D22AC292D}.Debug|Win32.Build.0 = Debug|x86
		{86008A55-2DFD-4B74-8ADD-7F3D22AC292D}.Debug|x86.ActiveCfg = Debug|x86
		{86008A55-2DFD-4B74-8ADD-7F3D22AC292D}.Debug|x86.Build.0 = Debug|x86
		{86008A55-2DFD-4B74-8ADD-7F3D22AC292D}.Release|Any CPU.ActiveCfg = Release|x86
		{86008A55-2DFD-4B74-8ADD-7F3D22AC292D}.Release|Mixed Platforms.ActiveCfg = Release|x86
		{86008A55-2DFD-4B74-8ADD-7F3D22AC292D}.Release|Mixed Platforms.Build.0 = Release|x86
		{86008A55-2DFD-4B74-8ADD-7F3D22AC292D}.Release|Win32.ActiveCfg = Release|x86
		{86008A55-2DFD-4B74-8ADD-7F3D22AC292D}.Release|Win32.Build.0 = Release|x86
		{86008A55-2DFD-4B74-8ADD-7F3D22AC292D}.Release|x86.ActiveCfg = Release|x86
		{86008A55-2DFD-4B74-8ADD-7F3D22AC292D}.Release|x86.Build.0 = Release|x86
	EndGlobalSection
	GlobalSection(SolutionProperties) = preSolution
		HideSolutionNode = FALSE
	EndGlobalSection
	GlobalSection(TeamFoundationVersionControl) = preSolution
		SccNumberOfProjects = 3
		SccEnterpriseProvider = {4CA58AB2-18FA-4F8D-95D4-32DDF27D184C}
		SccTeamFoundationServer = https://dsakam.visualstudio.com/
		SccProjectUniqueName0 = BUILDLet.WOLSetup\\BUILDLet.WOLSetup.wixproj
		SccProjectName0 = BUILDLet.WOLSetup
		SccAuxPath0 = https://dsakam.visualstudio.com
		SccLocalPath0 = BUILDLet.WOLSetup
		SccProvider0 = {4CA58AB2-18FA-4F8D-95D4-32DDF27D184C}
		SccProjectUniqueName1 = BUILDLet.WOLSetupBootstrapper\\BUILDLet.WOLSetupBootstrapper.wixproj
		SccProjectName1 = BUILDLet.WOLSetupBootstrapper
		SccAuxPath1 = https://dsakam.visualstudio.com
		SccLocalPath1 = BUILDLet.WOLSetupBootstrapper
		SccProvider1 = {4CA58AB2-18FA-4F8D-95D4-32DDF27D184C}
		SccProjectUniqueName2 = BUILDLet.WOL\\BUILDLet.WOL.csproj
		SccProjectName2 = BUILDLet.WOL
		SccAuxPath2 = https://dsakam.visualstudio.com
		SccLocalPath2 = BUILDLet.WOL
		SccProvider2 = {4CA58AB2-18FA-4F8D-95D4-32DDF27D184C}
	EndGlobalSection
EndGlobal
